PODS:
  - Alamofire (5.8.1)
  - GGXOfflineWebCache (0.1.4):
    - GGXSwiftExtension
    - GXSwiftNetwork
    - GXTaskDownload
    - SSZipArchive
    - ZKBaseSwiftProject
  - GGXSwiftExtension (0.4.1)
  - GXSwiftNetwork (0.2.0):
    - Alamofire
    - HandyJSON
    - Moya
    - PKHUD
  - GXTaskDownload (0.1.9):
    - GGXSwiftExtension
    - HandyJSON
  - HandyJSON (5.0.2)
  - Moya (15.0.0):
    - Moya/Core (= 15.0.0)
  - Moya/Core (15.0.0):
    - Alamofire (~> 5.0)
  - PKHUD (5.3.0)
  - ReachabilitySwift (5.0.0)
  - RxCocoa (6.6.0):
    - RxRelay (= 6.6.0)
    - RxSwift (= 6.6.0)
  - RxRelay (6.6.0):
    - RxSwift (= 6.6.0)
  - RxSwift (6.6.0)
  - SnapKit (5.6.0)
  - SSZipArchive (2.4.3)
  - ZKBaseSwiftProject (0.3.1):
    - GGXSwiftExtension
    - HandyJSON
    - PKHUD
    - ReachabilitySwift
    - RxCocoa
    - RxSwift
    - SnapKit

DEPENDENCIES:
  - GGXOfflineWebCache (from `../`)

SPEC REPOS:
  trunk:
    - Alamofire
    - GGXSwiftExtension
    - GXSwiftNetwork
    - GXTaskDownload
    - HandyJSON
    - Moya
    - PKHUD
    - ReachabilitySwift
    - RxCocoa
    - RxRelay
    - RxSwift
    - SnapKit
    - SSZipArchive
    - ZKBaseSwiftProject

EXTERNAL SOURCES:
  GGXOfflineWebCache:
    :path: "../"

SPEC CHECKSUMS:
  Alamofire: 3ca42e259043ee0dc5c0cdd76c4bc568b8e42af7
  GGXOfflineWebCache: 1caf9e34f9d17dd4c3065f170107c7c3ddb61f00
  GGXSwiftExtension: f77bb3ef93bbe42305fd01523de0de3efafa3e08
  GXSwiftNetwork: a6b3f12448ffc57a93cc5b593679d1c467a82104
  GXTaskDownload: 75347db89c90648e30929b23997521424d4438d9
  HandyJSON: 9e4e236f5d2dbefad5155a77417bbea438201c03
  Moya: 138f0573e53411fb3dc17016add0b748dfbd78ee
  PKHUD: 98f3e4bc904b9c916f1c5bb6d765365b5357291b
  ReachabilitySwift: 985039c6f7b23a1da463388634119492ff86c825
  RxCocoa: 44a80de90e25b739b5aeaae3c8c371a32e3343cc
  RxRelay: 45eaa5db8ee4fb50e5ebd57deec0159e97fa51e6
  RxSwift: a4b44f7d24599f674deebd1818eab82e58410632
  SnapKit: e01d52ebb8ddbc333eefe2132acf85c8227d9c25
  SSZipArchive: fe6a26b2a54d5a0890f2567b5cc6de5caa600aef
  ZKBaseSwiftProject: 5f2d01ba3f8c3d80f58c00ad7861c95a60f4fc51

PODFILE CHECKSUM: dad854dba21b10757ee380f308e5cf7061a60f9d

COCOAPODS: 1.14.3
